
Microsoft Visual Studio Solution File, Format Version 12.00
# Visual Studio Version 17
VisualStudioVersion = 17.11.35222.181
MinimumVisualStudioVersion = 10.0.40219.1
Project("{FAE04EC0-301F-11D3-BF4B-00C04F79EFBC}") = "MY_Task1", "MY_Task1\MY_Task1.csproj", "{45C514BD-25D6-4BF8-9F19-72D97D366ACA}"
EndProject
Global
	GlobalSection(SolutionConfigurationPlatforms) = preSolution
		Debug|Any CPU = Debug|Any CPU
		Release|Any CPU = Release|Any CPU
	EndGlobalSection
	GlobalSection(ProjectConfigurationPlatforms) = postSolution
		{45C514BD-25D6-4BF8-9F19-72D97D366ACA}.Debug|Any CPU.ActiveCfg = Debug|Any CPU
		{45C514BD-25D6-4BF8-9F19-72D97D366ACA}.Debug|Any CPU.Build.0 = Debug|Any CPU
		{45C514BD-25D6-4BF8-9F19-72D97D366ACA}.Release|Any CPU.ActiveCfg = Release|Any CPU
		{45C514BD-25D6-4BF8-9F19-72D97D366ACA}.Release|Any CPU.Build.0 = Release|Any CPU
	EndGlobalSection
	GlobalSection(SolutionProperties) = preSolution
		HideSolutionNode = FALSE
	EndGlobalSection
	GlobalSection(ExtensibilityGlobals) = postSolution
		SolutionGuid = {83163966-0FDA-49DF-8EAC-419DA7B79EAC}
	EndGlobalSection
EndGlobal
